<?xml version="1.0" encoding="utf-8"?>
<Project ToolsVersion="4.0" xmlns="http://schemas.microsoft.com/developer/msbuild/2003">
  <ItemGroup>
    <Filter Include="shader">
      <UniqueIdentifier>{363f2dad-e72a-481f-828b-2c69a43175ac}</UniqueIdentifier>
      <Extensions>hlsl;</Extensions>
    </Filter>
  </ItemGroup>
  <ItemGroup>
    <FxCompile Include="shader\basic.hlsl">
      <Filter>shader</Filter>
    </FxCompile>
    <FxCompile Include="shader\basic_format.hlsl">
      <Filter>shader</Filter>
    </FxCompile>
    <FxCompile Include="..\..\..\..\DirectX9\projects\pixel_shader\shader\deferred.hlsl">
      <Filter>shader</Filter>
    </FxCompile>
  </ItemGroup>
</Project>