
Microsoft Visual Studio Solution File, Format Version 12.00
# Visual Studio 2013
VisualStudioVersion = 12.0.31101.0
MinimumVisualStudioVersion = 10.0.40219.1
Project("{8BC9CEB8-8B4A-11D0-8D11-00A0C91BC942}") = "platform", "projects\platform\pratform.vcxproj", "{D065D020-0DE1-4D84-929D-D472BD0380F4}"
	ProjectSection(ProjectDependencies) = postProject
		{5A84863E-691D-4F10-ABBB-29B3AEA7C491} = {5A84863E-691D-4F10-ABBB-29B3AEA7C491}
		{C60F6240-7675-43FA-A57C-205769E6F17B} = {C60F6240-7675-43FA-A57C-205769E6F17B}
		{949E5651-45C8-460B-B360-ABE8218B41B9} = {949E5651-45C8-460B-B360-ABE8218B41B9}
		{3BD86F90-CAEE-473B-B901-0A544F2A1AF5} = {3BD86F90-CAEE-473B-B901-0A544F2A1AF5}
		{1934E0D3-4CE0-4CEE-AE4D-4F2397F830B1} = {1934E0D3-4CE0-4CEE-AE4D-4F2397F830B1}
	EndProjectSection
EndProject
Project("{8BC9CEB8-8B4A-11D0-8D11-00A0C91BC942}") = "common", "projects\common\common.vcxproj", "{1934E0D3-4CE0-4CEE-AE4D-4F2397F830B1}"
EndProject
Project("{8BC9CEB8-8B4A-11D0-8D11-00A0C91BC942}") = "utility", "projects\utility\utility.vcxproj", "{5A84863E-691D-4F10-ABBB-29B3AEA7C491}"
	ProjectSection(ProjectDependencies) = postProject
		{1934E0D3-4CE0-4CEE-AE4D-4F2397F830B1} = {1934E0D3-4CE0-4CEE-AE4D-4F2397F830B1}
	EndProjectSection
EndProject
Project("{8BC9CEB8-8B4A-11D0-8D11-00A0C91BC942}") = "directx9", "projects\directx9\directx9.vcxproj", "{C60F6240-7675-43FA-A57C-205769E6F17B}"
	ProjectSection(ProjectDependencies) = postProject
		{949E5651-45C8-460B-B360-ABE8218B41B9} = {949E5651-45C8-460B-B360-ABE8218B41B9}
		{1934E0D3-4CE0-4CEE-AE4D-4F2397F830B1} = {1934E0D3-4CE0-4CEE-AE4D-4F2397F830B1}
	EndProjectSection
EndProject
Project("{8BC9CEB8-8B4A-11D0-8D11-00A0C91BC942}") = "windows", "projects\windows\windows.vcxproj", "{949E5651-45C8-460B-B360-ABE8218B41B9}"
EndProject
Project("{8BC9CEB8-8B4A-11D0-8D11-00A0C91BC942}") = "vertex_shader", "projects\vertex_shader\vertex_shader.vcxproj", "{3BD86F90-CAEE-473B-B901-0A544F2A1AF5}"
EndProject
Project("{8BC9CEB8-8B4A-11D0-8D11-00A0C91BC942}") = "pixel_shader", "projects\pixel_shader\pixel_shader.vcxproj", "{352B12D2-B145-446F-872F-861542BE6100}"
EndProject
Project("{2150E333-8FDC-42A3-9474-1A3956D46DE8}") = "shader", "shader", "{E18270C5-AA7A-4669-AA17-AE4672E8351C}"
	ProjectSection(SolutionItems) = preProject
		resources\shader\SkiningShader.hlsl = resources\shader\SkiningShader.hlsl
	EndProjectSection
EndProject
Global
	GlobalSection(SolutionConfigurationPlatforms) = preSolution
		Debug|Win32 = Debug|Win32
		Debug|x64 = Debug|x64
		Develop|Win32 = Develop|Win32
		Develop|x64 = Develop|x64
		Release|Win32 = Release|Win32
		Release|x64 = Release|x64
	EndGlobalSection
	GlobalSection(ProjectConfigurationPlatforms) = postSolution
		{D065D020-0DE1-4D84-929D-D472BD0380F4}.Debug|Win32.ActiveCfg = Debug|Win32
		{D065D020-0DE1-4D84-929D-D472BD0380F4}.Debug|Win32.Build.0 = Debug|Win32
		{D065D020-0DE1-4D84-929D-D472BD0380F4}.Debug|x64.ActiveCfg = Debug|Win32
		{D065D020-0DE1-4D84-929D-D472BD0380F4}.Develop|Win32.ActiveCfg = Develop|Win32
		{D065D020-0DE1-4D84-929D-D472BD0380F4}.Develop|Win32.Build.0 = Develop|Win32
		{D065D020-0DE1-4D84-929D-D472BD0380F4}.Develop|x64.ActiveCfg = Develop|Win32
		{D065D020-0DE1-4D84-929D-D472BD0380F4}.Release|Win32.ActiveCfg = Release|Win32
		{D065D020-0DE1-4D84-929D-D472BD0380F4}.Release|Win32.Build.0 = Release|Win32
		{D065D020-0DE1-4D84-929D-D472BD0380F4}.Release|x64.ActiveCfg = Release|Win32
		{1934E0D3-4CE0-4CEE-AE4D-4F2397F830B1}.Debug|Win32.ActiveCfg = Debug|Win32
		{1934E0D3-4CE0-4CEE-AE4D-4F2397F830B1}.Debug|Win32.Build.0 = Debug|Win32
		{1934E0D3-4CE0-4CEE-AE4D-4F2397F830B1}.Debug|x64.ActiveCfg = Debug|Win32
		{1934E0D3-4CE0-4CEE-AE4D-4F2397F830B1}.Develop|Win32.ActiveCfg = Develop|Win32
		{1934E0D3-4CE0-4CEE-AE4D-4F2397F830B1}.Develop|Win32.Build.0 = Develop|Win32
		{1934E0D3-4CE0-4CEE-AE4D-4F2397F830B1}.Develop|x64.ActiveCfg = Develop|Win32
		{1934E0D3-4CE0-4CEE-AE4D-4F2397F830B1}.Release|Win32.ActiveCfg = Release|Win32
		{1934E0D3-4CE0-4CEE-AE4D-4F2397F830B1}.Release|Win32.Build.0 = Release|Win32
		{1934E0D3-4CE0-4CEE-AE4D-4F2397F830B1}.Release|x64.ActiveCfg = Release|Win32
		{5A84863E-691D-4F10-ABBB-29B3AEA7C491}.Debug|Win32.ActiveCfg = Debug|Win32
		{5A84863E-691D-4F10-ABBB-29B3AEA7C491}.Debug|Win32.Build.0 = Debug|Win32
		{5A84863E-691D-4F10-ABBB-29B3AEA7C491}.Debug|x64.ActiveCfg = Debug|Win32
		{5A84863E-691D-4F10-ABBB-29B3AEA7C491}.Develop|Win32.ActiveCfg = Develop|Win32
		{5A84863E-691D-4F10-ABBB-29B3AEA7C491}.Develop|Win32.Build.0 = Develop|Win32
		{5A84863E-691D-4F10-ABBB-29B3AEA7C491}.Develop|x64.ActiveCfg = Develop|Win32
		{5A84863E-691D-4F10-ABBB-29B3AEA7C491}.Release|Win32.ActiveCfg = Release|Win32
		{5A84863E-691D-4F10-ABBB-29B3AEA7C491}.Release|Win32.Build.0 = Release|Win32
		{5A84863E-691D-4F10-ABBB-29B3AEA7C491}.Release|x64.ActiveCfg = Release|Win32
		{C60F6240-7675-43FA-A57C-205769E6F17B}.Debug|Win32.ActiveCfg = Debug|Win32
		{C60F6240-7675-43FA-A57C-205769E6F17B}.Debug|Win32.Build.0 = Debug|Win32
		{C60F6240-7675-43FA-A57C-205769E6F17B}.Debug|x64.ActiveCfg = Debug|x64
		{C60F6240-7675-43FA-A57C-205769E6F17B}.Debug|x64.Build.0 = Debug|x64
		{C60F6240-7675-43FA-A57C-205769E6F17B}.Develop|Win32.ActiveCfg = Develop|Win32
		{C60F6240-7675-43FA-A57C-205769E6F17B}.Develop|Win32.Build.0 = Develop|Win32
		{C60F6240-7675-43FA-A57C-205769E6F17B}.Develop|x64.ActiveCfg = Debug|x64
		{C60F6240-7675-43FA-A57C-205769E6F17B}.Develop|x64.Build.0 = Debug|x64
		{C60F6240-7675-43FA-A57C-205769E6F17B}.Release|Win32.ActiveCfg = Release|Win32
		{C60F6240-7675-43FA-A57C-205769E6F17B}.Release|Win32.Build.0 = Release|Win32
		{C60F6240-7675-43FA-A57C-205769E6F17B}.Release|x64.ActiveCfg = Release|x64
		{C60F6240-7675-43FA-A57C-205769E6F17B}.Release|x64.Build.0 = Release|x64
		{949E5651-45C8-460B-B360-ABE8218B41B9}.Debug|Win32.ActiveCfg = Debug|Win32
		{949E5651-45C8-460B-B360-ABE8218B41B9}.Debug|Win32.Build.0 = Debug|Win32
		{949E5651-45C8-460B-B360-ABE8218B41B9}.Debug|x64.ActiveCfg = Debug|x64
		{949E5651-45C8-460B-B360-ABE8218B41B9}.Debug|x64.Build.0 = Debug|x64
		{949E5651-45C8-460B-B360-ABE8218B41B9}.Develop|Win32.ActiveCfg = Develop|Win32
		{949E5651-45C8-460B-B360-ABE8218B41B9}.Develop|Win32.Build.0 = Develop|Win32
		{949E5651-45C8-460B-B360-ABE8218B41B9}.Develop|x64.ActiveCfg = Debug|x64
		{949E5651-45C8-460B-B360-ABE8218B41B9}.Develop|x64.Build.0 = Debug|x64
		{949E5651-45C8-460B-B360-ABE8218B41B9}.Release|Win32.ActiveCfg = Release|Win32
		{949E5651-45C8-460B-B360-ABE8218B41B9}.Release|Win32.Build.0 = Release|Win32
		{949E5651-45C8-460B-B360-ABE8218B41B9}.Release|x64.ActiveCfg = Release|x64
		{949E5651-45C8-460B-B360-ABE8218B41B9}.Release|x64.Build.0 = Release|x64
		{3BD86F90-CAEE-473B-B901-0A544F2A1AF5}.Debug|Win32.ActiveCfg = Release|Win32
		{3BD86F90-CAEE-473B-B901-0A544F2A1AF5}.Debug|Win32.Build.0 = Release|Win32
		{3BD86F90-CAEE-473B-B901-0A544F2A1AF5}.Debug|x64.ActiveCfg = Debug|Win32
		{3BD86F90-CAEE-473B-B901-0A544F2A1AF5}.Develop|Win32.ActiveCfg = Release|Win32
		{3BD86F90-CAEE-473B-B901-0A544F2A1AF5}.Develop|Win32.Build.0 = Release|Win32
		{3BD86F90-CAEE-473B-B901-0A544F2A1AF5}.Develop|x64.ActiveCfg = Develop|Win32
		{3BD86F90-CAEE-473B-B901-0A544F2A1AF5}.Release|Win32.ActiveCfg = Release|Win32
		{3BD86F90-CAEE-473B-B901-0A544F2A1AF5}.Release|Win32.Build.0 = Release|Win32
		{3BD86F90-CAEE-473B-B901-0A544F2A1AF5}.Release|x64.ActiveCfg = Release|Win32
		{352B12D2-B145-446F-872F-861542BE6100}.Debug|Win32.ActiveCfg = Release|Win32
		{352B12D2-B145-446F-872F-861542BE6100}.Debug|Win32.Build.0 = Release|Win32
		{352B12D2-B145-446F-872F-861542BE6100}.Debug|x64.ActiveCfg = Debug|Win32
		{352B12D2-B145-446F-872F-861542BE6100}.Develop|Win32.ActiveCfg = Release|Win32
		{352B12D2-B145-446F-872F-861542BE6100}.Develop|Win32.Build.0 = Release|Win32
		{352B12D2-B145-446F-872F-861542BE6100}.Develop|x64.ActiveCfg = Develop|Win32
		{352B12D2-B145-446F-872F-861542BE6100}.Release|Win32.ActiveCfg = Release|Win32
		{352B12D2-B145-446F-872F-861542BE6100}.Release|Win32.Build.0 = Release|Win32
		{352B12D2-B145-446F-872F-861542BE6100}.Release|x64.ActiveCfg = Release|Win32
	EndGlobalSection
	GlobalSection(SolutionProperties) = preSolution
		HideSolutionNode = FALSE
	EndGlobalSection
	GlobalSection(NestedProjects) = preSolution
		{3BD86F90-CAEE-473B-B901-0A544F2A1AF5} = {E18270C5-AA7A-4669-AA17-AE4672E8351C}
		{352B12D2-B145-446F-872F-861542BE6100} = {E18270C5-AA7A-4669-AA17-AE4672E8351C}
	EndGlobalSection
EndGlobal
