<?xml version="1.0" encoding="utf-8"?>
<Project ToolsVersion="4.0" xmlns="http://schemas.microsoft.com/developer/msbuild/2003">
  <ItemGroup>
    <Filter Include="sources">
      <UniqueIdentifier>{93995380-89BD-4b04-88EB-625FBE52EBFB}</UniqueIdentifier>
      <Extensions>h;hpp;hxx;hm;inl;inc;xsd;c;cpp;</Extensions>
    </Filter>
    <Filter Include="sources\default_include">
      <UniqueIdentifier>{40502598-9a92-49cd-8efb-a7c3597ad5bb}</UniqueIdentifier>
    </Filter>
    <Filter Include="sources\default_include\safety">
      <UniqueIdentifier>{d295361b-6112-4afd-90c9-16c299070014}</UniqueIdentifier>
    </Filter>
    <Filter Include="sources\default_include\type_alias">
      <UniqueIdentifier>{b0088fb2-9f82-4cba-b931-11e4536f252d}</UniqueIdentifier>
    </Filter>
    <Filter Include="sources\default_include\stdafx">
      <UniqueIdentifier>{8614097c-af4c-4ce7-9c36-11c6898a02b5}</UniqueIdentifier>
    </Filter>
    <Filter Include="sources\default_include\debug_tool">
      <UniqueIdentifier>{c0f4609e-022a-4360-bf69-8359f7a15f01}</UniqueIdentifier>
    </Filter>
    <Filter Include="sources\default_include\default_constant_definition">
      <UniqueIdentifier>{a0714e18-6a10-42aa-9d20-56766b703575}</UniqueIdentifier>
    </Filter>
    <Filter Include="sources\default_include\type_alias\float">
      <UniqueIdentifier>{63e54c8c-7620-4759-a3ed-4e878cdf96f4}</UniqueIdentifier>
    </Filter>
    <Filter Include="resources">
      <UniqueIdentifier>{0e79cd93-07f7-47bf-b2b0-f0da495c265a}</UniqueIdentifier>
    </Filter>
    <Filter Include="sources\application">
      <UniqueIdentifier>{2118d342-29bc-42f4-9842-732939fb4a0e}</UniqueIdentifier>
    </Filter>
    <Filter Include="sources\develop_tool">
      <UniqueIdentifier>{d257ec8a-b91c-42da-9734-496c3ef25f37}</UniqueIdentifier>
    </Filter>
    <Filter Include="sources\application\scene">
      <UniqueIdentifier>{fc141ce4-a48e-4994-b770-ae4631f568e6}</UniqueIdentifier>
    </Filter>
    <Filter Include="sources\application\actor">
      <UniqueIdentifier>{1d0bd684-1be2-43cd-8177-1f06137672a6}</UniqueIdentifier>
    </Filter>
    <Filter Include="sources\application\object">
      <UniqueIdentifier>{57a2c7c4-f8bc-4807-a3cc-2f5cbb025324}</UniqueIdentifier>
    </Filter>
    <Filter Include="sources\application_system">
      <UniqueIdentifier>{5a8af478-4480-4511-a837-2071c5815dd2}</UniqueIdentifier>
    </Filter>
    <Filter Include="sources\platform">
      <UniqueIdentifier>{9c650092-cfbb-4c44-9562-da685b5bd8af}</UniqueIdentifier>
    </Filter>
    <Filter Include="sources\common">
      <UniqueIdentifier>{685be9fe-61cd-4f84-b89f-8bbe9616c63e}</UniqueIdentifier>
    </Filter>
    <Filter Include="sources\common\math">
      <UniqueIdentifier>{e0c30897-1a30-466d-bb48-79513ad3525a}</UniqueIdentifier>
    </Filter>
    <Filter Include="sources\common\shape">
      <UniqueIdentifier>{84ad2a35-47f8-4b0d-96ba-5c1d6f7ecf77}</UniqueIdentifier>
    </Filter>
    <Filter Include="sources\platform\windows">
      <UniqueIdentifier>{ee8c6788-708d-4b10-913e-f7796827689a}</UniqueIdentifier>
    </Filter>
    <Filter Include="sources\common\base">
      <UniqueIdentifier>{44a4b790-5d42-46b2-8dbe-6d0a2ef79732}</UniqueIdentifier>
    </Filter>
    <Filter Include="sources\graphic">
      <UniqueIdentifier>{29c46977-6818-41cb-92cd-10163a288226}</UniqueIdentifier>
    </Filter>
    <Filter Include="sources\graphic\directx9">
      <UniqueIdentifier>{236d7b01-17d6-479e-81de-7c4af23d4375}</UniqueIdentifier>
    </Filter>
    <Filter Include="sources\graphic\directx9\device_holder">
      <UniqueIdentifier>{c1879fe7-b927-42bc-afa5-13df69487f02}</UniqueIdentifier>
    </Filter>
    <Filter Include="sources\graphic\directx9\shader">
      <UniqueIdentifier>{fb4eb95b-e009-4c13-9c7f-e6f488d84227}</UniqueIdentifier>
    </Filter>
    <Filter Include="sources\graphic\base">
      <UniqueIdentifier>{2e34a2a5-a30c-49ec-8a24-602005ec5cbe}</UniqueIdentifier>
    </Filter>
    <Filter Include="sources\graphic\base\device_holder">
      <UniqueIdentifier>{db184b84-17d3-40aa-a8ac-58310efec482}</UniqueIdentifier>
      <Extensions>
      </Extensions>
    </Filter>
    <Filter Include="sources\graphic\base\device_manager">
      <UniqueIdentifier>{5ddb104e-6ad6-4090-aa69-f120f99c8ae3}</UniqueIdentifier>
    </Filter>
    <Filter Include="sources\graphic\directx9\device_manager">
      <UniqueIdentifier>{28e83001-2178-44d4-bcc2-7067175ffcf1}</UniqueIdentifier>
    </Filter>
    <Filter Include="sources\graphic\directx9\texture">
      <UniqueIdentifier>{737b9cab-3a8b-41fe-9f4c-e281ad5a0981}</UniqueIdentifier>
    </Filter>
    <Filter Include="sources\graphic\base\texture">
      <UniqueIdentifier>{860cb0d9-fd50-440a-ac46-282353080188}</UniqueIdentifier>
    </Filter>
    <Filter Include="sources\graphic\base\shader">
      <UniqueIdentifier>{6fc09083-d604-4dec-8cd6-e704f4b93d2c}</UniqueIdentifier>
    </Filter>
    <Filter Include="sources\graphic\base\window">
      <UniqueIdentifier>{0f1f7f80-d544-4adf-8ff3-24037feba57c}</UniqueIdentifier>
    </Filter>
    <Filter Include="sources\graphic\windows">
      <UniqueIdentifier>{1c747d88-7150-43d2-9a8f-b6cd4de72341}</UniqueIdentifier>
    </Filter>
    <Filter Include="sources\graphic\windows\window">
      <UniqueIdentifier>{8506c8b6-07dc-4a63-8e26-6e5f4995423a}</UniqueIdentifier>
    </Filter>
    <Filter Include="sources\graphic\base\render">
      <UniqueIdentifier>{edb8555b-fbf2-4108-bcc9-6930555adb9b}</UniqueIdentifier>
    </Filter>
    <Filter Include="sources\graphic\base\depth_buffer">
      <UniqueIdentifier>{197343a6-745e-4bb9-a897-d3389b41db4a}</UniqueIdentifier>
      <Extensions>
      </Extensions>
    </Filter>
    <Filter Include="sources\graphic\directx9\depth_buffer">
      <UniqueIdentifier>{d212d460-3f2a-4509-b7eb-26959c8f6b75}</UniqueIdentifier>
    </Filter>
    <Filter Include="sources\graphic\base\element">
      <UniqueIdentifier>{826acfc3-4e0f-4f5c-9dbe-eff5fe147e9a}</UniqueIdentifier>
    </Filter>
  </ItemGroup>
  <ItemGroup>
    <ClInclude Include="sources\main.h">
      <Filter>sources</Filter>
    </ClInclude>
    <ClInclude Include="sources\default_include\default_include.h">
      <Filter>sources\default_include</Filter>
    </ClInclude>
    <ClInclude Include="sources\default_include\safety\safety.h">
      <Filter>sources\default_include\safety</Filter>
    </ClInclude>
    <ClInclude Include="sources\default_include\type_alias\type_alias.h">
      <Filter>sources\default_include\type_alias</Filter>
    </ClInclude>
    <ClInclude Include="sources\default_include\stdafx\stdafx.h">
      <Filter>sources\default_include\stdafx</Filter>
    </ClInclude>
    <ClInclude Include="sources\default_include\stdafx\using_library.h">
      <Filter>sources\default_include\stdafx</Filter>
    </ClInclude>
    <ClInclude Include="sources\default_include\debug_tool\debug_tool.h">
      <Filter>sources\default_include\debug_tool</Filter>
    </ClInclude>
    <ClInclude Include="sources\default_include\default_constant_definition\default_constant_definition.h">
      <Filter>sources\default_include\default_constant_definition</Filter>
    </ClInclude>
    <ClInclude Include="sources\default_include\type_alias\float\float2.h">
      <Filter>sources\default_include\type_alias\float</Filter>
    </ClInclude>
    <ClInclude Include="sources\default_include\type_alias\float\float3.h">
      <Filter>sources\default_include\type_alias\float</Filter>
    </ClInclude>
    <ClInclude Include="sources\default_include\type_alias\float\float4.h">
      <Filter>sources\default_include\type_alias\float</Filter>
    </ClInclude>
    <ClInclude Include="sources\default_include\type_alias\float\float4x4.h">
      <Filter>sources\default_include\type_alias\float</Filter>
    </ClInclude>
    <ClInclude Include="resources\resource.h">
      <Filter>resources</Filter>
    </ClInclude>
    <ClInclude Include="sources\default_include\debug_tool\debug_trace.h">
      <Filter>sources\default_include\debug_tool</Filter>
    </ClInclude>
    <ClInclude Include="sources\default_include\debug_tool\debug_assert.h">
      <Filter>sources\default_include\debug_tool</Filter>
    </ClInclude>
    <ClInclude Include="sources\application\application.h">
      <Filter>sources\application</Filter>
    </ClInclude>
    <ClInclude Include="sources\application\actor\actor.h">
      <Filter>sources\application\actor</Filter>
    </ClInclude>
    <ClInclude Include="sources\application\object\object.h">
      <Filter>sources\application\object</Filter>
    </ClInclude>
    <ClInclude Include="sources\application_system\application_system.h">
      <Filter>sources\application_system</Filter>
    </ClInclude>
    <ClInclude Include="sources\application\scene\scene.h">
      <Filter>sources\application\scene</Filter>
    </ClInclude>
    <ClInclude Include="sources\common\math\math.h">
      <Filter>sources\common\math</Filter>
    </ClInclude>
    <ClInclude Include="sources\common\shape\line.h">
      <Filter>sources\common\shape</Filter>
    </ClInclude>
    <ClInclude Include="sources\common\shape\shape.h">
      <Filter>sources\common\shape</Filter>
    </ClInclude>
    <ClInclude Include="sources\common\shape\sphere.h">
      <Filter>sources\common\shape</Filter>
    </ClInclude>
    <ClInclude Include="sources\default_include\debug_tool\debug_assert_trace.h">
      <Filter>sources\default_include\debug_tool</Filter>
    </ClInclude>
    <ClInclude Include="sources\common\base\non_copyable.h">
      <Filter>sources\common\base</Filter>
    </ClInclude>
    <ClInclude Include="sources\graphic\graphic.h">
      <Filter>sources\graphic</Filter>
    </ClInclude>
    <ClInclude Include="sources\common\base\base.h">
      <Filter>sources\common\base</Filter>
    </ClInclude>
    <ClInclude Include="sources\common\base\flyweight.h">
      <Filter>sources\common\base</Filter>
    </ClInclude>
    <ClInclude Include="sources\graphic\directx9\device_holder\dx9_device_holder.h">
      <Filter>sources\graphic\directx9\device_holder</Filter>
    </ClInclude>
    <ClInclude Include="sources\graphic\base\device_holder\base_device_holder.h">
      <Filter>sources\graphic\base\device_holder</Filter>
    </ClInclude>
    <ClInclude Include="sources\graphic\base\device_manager\base_device_manager.h">
      <Filter>sources\graphic\base\device_manager</Filter>
    </ClInclude>
    <ClInclude Include="sources\graphic\directx9\device_manager\dx9_device_manager.h">
      <Filter>sources\graphic\directx9\device_manager</Filter>
    </ClInclude>
    <ClInclude Include="sources\graphic\directx9\texture\dx9_texture.h">
      <Filter>sources\graphic\directx9\texture</Filter>
    </ClInclude>
    <ClInclude Include="sources\graphic\base\texture\base_texture.h">
      <Filter>sources\graphic\base\texture</Filter>
    </ClInclude>
    <ClInclude Include="sources\graphic\base\texture\base_texture_loader.h">
      <Filter>sources\graphic\base\texture</Filter>
    </ClInclude>
    <ClInclude Include="sources\graphic\directx9\shader\dx9_shader.h">
      <Filter>sources\graphic\directx9\shader</Filter>
    </ClInclude>
    <ClInclude Include="sources\graphic\base\shader\base_shader.h">
      <Filter>sources\graphic\base\shader</Filter>
    </ClInclude>
    <ClInclude Include="sources\graphic\directx9\shader\dx9_vertex_shader.h">
      <Filter>sources\graphic\directx9\shader</Filter>
    </ClInclude>
    <ClInclude Include="sources\graphic\directx9\shader\dx9_pixel_shader.h">
      <Filter>sources\graphic\directx9\shader</Filter>
    </ClInclude>
    <ClInclude Include="sources\graphic\directx9\texture\dx9_texture_loader.h">
      <Filter>sources\graphic\directx9\texture</Filter>
    </ClInclude>
    <ClInclude Include="sources\graphic\directx9\shader\dx9_shader_loader.h">
      <Filter>sources\graphic\directx9\shader</Filter>
    </ClInclude>
    <ClInclude Include="sources\graphic\base\shader\base_shader_loader.h">
      <Filter>sources\graphic\base\shader</Filter>
    </ClInclude>
    <ClInclude Include="sources\graphic\directx9\shader\dx9_base_shader.h">
      <Filter>sources\graphic\directx9\shader</Filter>
    </ClInclude>
    <ClInclude Include="sources\graphic\base\window\base_window.h">
      <Filter>sources\graphic\base\window</Filter>
    </ClInclude>
    <ClInclude Include="sources\graphic\windows\window\win_window.h">
      <Filter>sources\graphic\windows\window</Filter>
    </ClInclude>
    <ClInclude Include="sources\graphic\base\render\base_render.h">
      <Filter>sources\graphic\base\render</Filter>
    </ClInclude>
    <ClInclude Include="sources\graphic\base\texture\base_render_texture.h">
      <Filter>sources\graphic\base\texture</Filter>
    </ClInclude>
    <ClInclude Include="sources\graphic\base\depth_buffer\base_depth_buffer.h">
      <Filter>sources\graphic\base\depth_buffer</Filter>
    </ClInclude>
    <ClInclude Include="sources\graphic\directx9\depth_buffer\dx9_depth_buffer.h">
      <Filter>sources\graphic\directx9\depth_buffer</Filter>
    </ClInclude>
    <ClInclude Include="sources\graphic\base\texture\base_render_texture_factory.h">
      <Filter>sources\graphic\base\texture</Filter>
    </ClInclude>
    <ClInclude Include="sources\graphic\base\texture\texture_format.h">
      <Filter>sources\graphic\base\texture</Filter>
    </ClInclude>
    <ClInclude Include="sources\graphic\base\depth_buffer\depth_buffer_format.h">
      <Filter>sources\graphic\base\depth_buffer</Filter>
    </ClInclude>
    <ClInclude Include="sources\graphic\base\depth_buffer\base_depth_buffer_factory.h">
      <Filter>sources\graphic\base\depth_buffer</Filter>
    </ClInclude>
    <ClInclude Include="sources\graphic\directx9\depth_buffer\dx9_depth_buffer_factory.h">
      <Filter>sources\graphic\directx9\depth_buffer</Filter>
    </ClInclude>
    <ClInclude Include="sources\graphic\directx9\texture\dx9_render_texture_factory.h">
      <Filter>sources\graphic\directx9\texture</Filter>
    </ClInclude>
    <ClInclude Include="sources\graphic\directx9\element\base_element.h">
      <Filter>sources\graphic\base\element</Filter>
    </ClInclude>
    <ClInclude Include="sources\graphic\directx9\element\base_sprite.h">
      <Filter>sources\graphic\base\element</Filter>
    </ClInclude>
  </ItemGroup>
  <ItemGroup>
    <ClCompile Include="sources\main.cpp">
      <Filter>sources</Filter>
    </ClCompile>
    <ClCompile Include="sources\default_include\stdafx\stdafx.cpp">
      <Filter>sources\default_include\stdafx</Filter>
    </ClCompile>
    <ClCompile Include="sources\default_include\type_alias\float\float2.cpp">
      <Filter>sources\default_include\type_alias\float</Filter>
    </ClCompile>
    <ClCompile Include="sources\default_include\type_alias\float\float3.cpp">
      <Filter>sources\default_include\type_alias\float</Filter>
    </ClCompile>
    <ClCompile Include="sources\default_include\type_alias\float\float4.cpp">
      <Filter>sources\default_include\type_alias\float</Filter>
    </ClCompile>
    <ClCompile Include="sources\default_include\type_alias\float\float4x4.cpp">
      <Filter>sources\default_include\type_alias\float</Filter>
    </ClCompile>
    <ClCompile Include="sources\default_include\debug_tool\debug_trace.cpp">
      <Filter>sources\default_include\debug_tool</Filter>
    </ClCompile>
    <ClCompile Include="sources\default_include\debug_tool\debug_assert.cpp">
      <Filter>sources\default_include\debug_tool</Filter>
    </ClCompile>
    <ClCompile Include="sources\application\application.cpp">
      <Filter>sources\application</Filter>
    </ClCompile>
    <ClCompile Include="sources\application\actor\actor.cpp">
      <Filter>sources\application\actor</Filter>
    </ClCompile>
    <ClCompile Include="sources\application\object\object.cpp">
      <Filter>sources\application\object</Filter>
    </ClCompile>
    <ClCompile Include="sources\application_system\application_system.cpp">
      <Filter>sources\application_system</Filter>
    </ClCompile>
    <ClCompile Include="sources\application\scene\scene.cpp">
      <Filter>sources\application\scene</Filter>
    </ClCompile>
    <ClCompile Include="sources\common\math\math.cpp">
      <Filter>sources\common\math</Filter>
    </ClCompile>
    <ClCompile Include="sources\common\shape\shape.cpp">
      <Filter>sources\common\shape</Filter>
    </ClCompile>
    <ClCompile Include="sources\common\shape\sphere.cpp">
      <Filter>sources\common\shape</Filter>
    </ClCompile>
    <ClCompile Include="sources\common\shape\line.cpp">
      <Filter>sources\common\shape</Filter>
    </ClCompile>
    <ClCompile Include="sources\default_include\debug_tool\debug_assert_trace.cpp">
      <Filter>sources\default_include\debug_tool</Filter>
    </ClCompile>
    <ClCompile Include="sources\graphic\graphic.cpp">
      <Filter>sources\graphic</Filter>
    </ClCompile>
    <ClCompile Include="sources\graphic\directx9\device_holder\dx9_device_holder.cpp">
      <Filter>sources\graphic\directx9\device_holder</Filter>
    </ClCompile>
    <ClCompile Include="sources\graphic\base\device_holder\base_device_holder.cpp">
      <Filter>sources\graphic\base\device_holder</Filter>
    </ClCompile>
    <ClCompile Include="sources\graphic\base\device_manager\base_device_manager.cpp">
      <Filter>sources\graphic\base\device_manager</Filter>
    </ClCompile>
    <ClCompile Include="sources\graphic\directx9\device_manager\dx9_device_manager.cpp">
      <Filter>sources\graphic\directx9\device_manager</Filter>
    </ClCompile>
    <ClCompile Include="sources\graphic\directx9\texture\dx9_texture.cpp">
      <Filter>sources\graphic\directx9\texture</Filter>
    </ClCompile>
    <ClCompile Include="sources\graphic\base\texture\base_texture.cpp">
      <Filter>sources\graphic\base\texture</Filter>
    </ClCompile>
    <ClCompile Include="sources\graphic\base\texture\base_texture_loader.cpp">
      <Filter>sources\graphic\base\texture</Filter>
    </ClCompile>
    <ClCompile Include="sources\graphic\directx9\shader\dx9_shader.cpp">
      <Filter>sources\graphic\directx9\shader</Filter>
    </ClCompile>
    <ClCompile Include="sources\graphic\base\shader\base_shader.cpp">
      <Filter>sources\graphic\base\shader</Filter>
    </ClCompile>
    <ClCompile Include="sources\graphic\directx9\shader\dx9_vertex_shader.cpp">
      <Filter>sources\graphic\directx9\shader</Filter>
    </ClCompile>
    <ClCompile Include="sources\graphic\directx9\shader\dx9_pixel_shader.cpp">
      <Filter>sources\graphic\directx9\shader</Filter>
    </ClCompile>
    <ClCompile Include="sources\graphic\directx9\texture\dx9_texture_loader.cpp">
      <Filter>sources\graphic\directx9\texture</Filter>
    </ClCompile>
    <ClCompile Include="sources\graphic\directx9\shader\dx9_shader_loader.cpp">
      <Filter>sources\graphic\directx9\shader</Filter>
    </ClCompile>
    <ClCompile Include="sources\graphic\base\shader\base_shader_loader.cpp">
      <Filter>sources\graphic\base\shader</Filter>
    </ClCompile>
    <ClCompile Include="sources\graphic\directx9\shader\dx9_base_shader.cpp">
      <Filter>sources\graphic\directx9\shader</Filter>
    </ClCompile>
    <ClCompile Include="sources\graphic\base\window\base_window.cpp">
      <Filter>sources\graphic\base\window</Filter>
    </ClCompile>
    <ClCompile Include="sources\graphic\windows\window\win_window.cpp">
      <Filter>sources\graphic\windows\window</Filter>
    </ClCompile>
    <ClCompile Include="sources\graphic\base\render\base_render.cpp">
      <Filter>sources\graphic\base\render</Filter>
    </ClCompile>
    <ClCompile Include="sources\graphic\base\texture\base_render_texture.cpp">
      <Filter>sources\graphic\base\texture</Filter>
    </ClCompile>
    <ClCompile Include="sources\graphic\directx9\depth_buffer\dx9_depth_buffer.cpp">
      <Filter>sources\graphic\directx9\depth_buffer</Filter>
    </ClCompile>
    <ClCompile Include="sources\graphic\base\texture\base_render_texture_factory.cpp">
      <Filter>sources\graphic\base\texture</Filter>
    </ClCompile>
    <ClCompile Include="sources\platform\windows\win_main.cpp">
      <Filter>sources\platform\windows</Filter>
    </ClCompile>
    <ClCompile Include="sources\graphic\base\depth_buffer\base_depth_buffer.cpp">
      <Filter>sources\graphic\base\depth_buffer</Filter>
    </ClCompile>
    <ClCompile Include="sources\graphic\base\depth_buffer\base_depth_buffer_factory.cpp">
      <Filter>sources\graphic\base\depth_buffer</Filter>
    </ClCompile>
    <ClCompile Include="sources\graphic\directx9\depth_buffer\dx9_depth_buffer_factory.cpp">
      <Filter>sources\graphic\directx9\depth_buffer</Filter>
    </ClCompile>
    <ClCompile Include="sources\graphic\directx9\texture\dx9_render_texture_factory.cpp">
      <Filter>sources\graphic\directx9\texture</Filter>
    </ClCompile>
    <ClCompile Include="sources\graphic\directx9\element\base_element.cpp">
      <Filter>sources\graphic\base\element</Filter>
    </ClCompile>
    <ClCompile Include="sources\graphic\directx9\element\base_sprite.cpp">
      <Filter>sources\graphic\base\element</Filter>
    </ClCompile>
  </ItemGroup>
  <ItemGroup>
    <ResourceCompile Include="resources\resource.rc">
      <Filter>resources</Filter>
    </ResourceCompile>
  </ItemGroup>
</Project>