<?xml version="1.0" encoding="utf-8"?>
<Project ToolsVersion="4.0" xmlns="http://schemas.microsoft.com/developer/msbuild/2003">
  <ItemGroup>
    <ClCompile Include="sources\action\action.cpp" />
    <ClCompile Include="sources\action\callback.cpp" />
    <ClCompile Include="sources\action\delay_time.cpp" />
    <ClCompile Include="sources\action\fade_to.cpp" />
    <ClCompile Include="sources\action\move_by.cpp" />
    <ClCompile Include="sources\action\move_to.cpp" />
    <ClCompile Include="sources\action\repeat.cpp" />
    <ClCompile Include="sources\action\rotate_by.cpp" />
    <ClCompile Include="sources\action\sequence.cpp" />
    <ClCompile Include="sources\action\spawn.cpp" />
    <ClCompile Include="sources\bullet\bullet.cpp" />
    <ClCompile Include="sources\develop_tool\develop_display.cpp" />
    <ClCompile Include="sources\develop_tool\develop_tool.cpp" />
    <ClCompile Include="sources\dome\mesh_sprite_dome.cpp" />
    <ClCompile Include="sources\fbx\kim.cpp" />
    <ClCompile Include="sources\field\field.cpp" />
    <ClCompile Include="sources\field_icon\field_icon.cpp" />
    <ClCompile Include="sources\field_object\flower.cpp" />
    <ClCompile Include="sources\main.cpp" />
    <ClCompile Include="sources\mesh\mesh.cpp" />
    <ClCompile Include="sources\mesh\mesh_sprite_3d.cpp" />
    <ClCompile Include="sources\mesh\sprite.cpp" />
    <ClCompile Include="sources\mesh\sprite_3d.cpp" />
    <ClCompile Include="sources\object\mesh_object.cpp" />
    <ClCompile Include="sources\object\object.cpp" />
    <ClCompile Include="sources\observer\follower_observer.cpp" />
    <ClCompile Include="sources\observer\observer.cpp" />
    <ClCompile Include="sources\observer\observer_2d.cpp" />
    <ClCompile Include="sources\observer\observer_3d.cpp" />
    <ClCompile Include="sources\player\player.cpp" />
    <ClCompile Include="sources\player_icon\player_icon.cpp" />
    <ClCompile Include="sources\scene\base\scene_manager.cpp" />
    <ClCompile Include="sources\scene\demo\demo.cpp" />
    <ClCompile Include="sources\scene\game\game.cpp" />
    <ClCompile Include="sources\scene\result\result.cpp" />
    <ClCompile Include="sources\scene\title\title.cpp" />
    <ClCompile Include="sources\scene\tutorial\tutorial.cpp" />
    <ClCompile Include="sources\system\input.cpp" />
    <ClCompile Include="sources\system\input_joypad.cpp" />
    <ClCompile Include="sources\system\input_keyboard.cpp" />
    <ClCompile Include="sources\system\input_manager.cpp" />
    <ClCompile Include="sources\system\input_mouse.cpp" />
    <ClCompile Include="sources\system\win_system.cpp" />
    <ClCompile Include="sources\system\xi_pad.cpp" />
    <ClCompile Include="sources\wall\wall.cpp" />
    <ClCompile Include="sources\windows\win_main.cpp" />
    <ClCompile Include="sources\x_model\x_model.cpp" />
    <ClCompile Include="sources\dome\dome.cpp" />
  </ItemGroup>
  <ItemGroup>
    <ClInclude Include="sources\action\action.h" />
    <ClInclude Include="sources\action\callback.h" />
    <ClInclude Include="sources\action\delay_time.h" />
    <ClInclude Include="sources\action\fade_to.h" />
    <ClInclude Include="sources\action\move_by.h" />
    <ClInclude Include="sources\action\move_to.h" />
    <ClInclude Include="sources\action\repeat.h" />
    <ClInclude Include="sources\action\rotate_by.h" />
    <ClInclude Include="sources\action\sequence.h" />
    <ClInclude Include="sources\action\spawn.h" />
    <ClInclude Include="sources\bullet\bullet.h" />
    <ClInclude Include="sources\develop_tool\develop_display.h" />
    <ClInclude Include="sources\develop_tool\develop_tool.h" />
    <ClInclude Include="sources\dome\mesh_sprite_dome.h" />
    <ClInclude Include="sources\fbx\kim.h" />
    <ClInclude Include="sources\field\field.h" />
    <ClInclude Include="sources\field_icon\field_icon.h" />
    <ClInclude Include="sources\field_object\flower.h" />
    <ClInclude Include="sources\main.h" />
    <ClInclude Include="sources\mesh\mesh.h" />
    <ClInclude Include="sources\mesh\mesh_sprite_3d.h" />
    <ClInclude Include="sources\mesh\sprite.h" />
    <ClInclude Include="sources\mesh\sprite_3d.h" />
    <ClInclude Include="sources\object\mesh_object.h" />
    <ClInclude Include="sources\object\object.h" />
    <ClInclude Include="sources\observer\follower_observer.h" />
    <ClInclude Include="sources\observer\observer.h" />
    <ClInclude Include="sources\observer\observer_2d.h" />
    <ClInclude Include="sources\observer\observer_3d.h" />
    <ClInclude Include="sources\player\player.h" />
    <ClInclude Include="sources\player_icon\player_icon.h" />
    <ClInclude Include="sources\scene\base\scene_base.h" />
    <ClInclude Include="sources\scene\base\scene_factory.h" />
    <ClInclude Include="sources\scene\base\scene_manager.h" />
    <ClInclude Include="sources\scene\demo\demo.h" />
    <ClInclude Include="sources\scene\game\game.h" />
    <ClInclude Include="sources\scene\result\result.h" />
    <ClInclude Include="sources\scene\title\title.h" />
    <ClInclude Include="sources\scene\tutorial\tutorial.h" />
    <ClInclude Include="sources\system\input.h" />
    <ClInclude Include="sources\system\input_joypad.h" />
    <ClInclude Include="sources\system\input_keyboard.h" />
    <ClInclude Include="sources\system\input_manager.h" />
    <ClInclude Include="sources\system\input_mouse.h" />
    <ClInclude Include="sources\system\win_system.h" />
    <ClInclude Include="sources\system\xi_pad.h" />
    <ClInclude Include="sources\wall\wall.h" />
    <ClInclude Include="sources\x_model\x_model.h" />
    <ClInclude Include="sources\dome\dome.h" />
  </ItemGroup>
</Project>