<?xml version="1.0" encoding="utf-8"?>
<Project ToolsVersion="4.0" xmlns="http://schemas.microsoft.com/developer/msbuild/2003">
  <ItemGroup>
    <Filter Include="sources">
      <UniqueIdentifier>{93995380-89BD-4b04-88EB-625FBE52EBFB}</UniqueIdentifier>
      <Extensions>h;hpp;hxx;hm;inl;inc;xsd;c;cpp;</Extensions>
    </Filter>
    <Filter Include="sources\windows">
      <UniqueIdentifier>{97a60c57-beb9-42c7-b08d-4cad413c47ba}</UniqueIdentifier>
    </Filter>
    <Filter Include="sources\system">
      <UniqueIdentifier>{422ba392-f1d0-4772-b0ef-5a1a3ed8761c}</UniqueIdentifier>
    </Filter>
    <Filter Include="sources\object">
      <UniqueIdentifier>{37139ce6-4ea0-421f-834f-97ccdc3d6d23}</UniqueIdentifier>
    </Filter>
    <Filter Include="sources\mesh">
      <UniqueIdentifier>{982b7f76-a875-4056-8d21-8329f19e33a0}</UniqueIdentifier>
    </Filter>
    <Filter Include="sources\observer">
      <UniqueIdentifier>{7a4fef94-7c5b-4889-9832-d14d5108ffcd}</UniqueIdentifier>
    </Filter>
    <Filter Include="sources\action">
      <UniqueIdentifier>{4cdd7809-ce2f-48b9-842d-d92f77819595}</UniqueIdentifier>
    </Filter>
    <Filter Include="sources\fbx">
      <UniqueIdentifier>{c18f048a-ded3-4cc0-b99d-b31a09c09a25}</UniqueIdentifier>
    </Filter>
    <Filter Include="sources\scene">
      <UniqueIdentifier>{6e80e78b-4045-47f3-8f71-7f2a58527673}</UniqueIdentifier>
    </Filter>
    <Filter Include="sources\player">
      <UniqueIdentifier>{cd05187b-ffbb-4201-82f1-3a6c1a3caed2}</UniqueIdentifier>
    </Filter>
    <Filter Include="sources\field">
      <UniqueIdentifier>{2254b91b-abee-42ee-b3f5-dbeeeaae482c}</UniqueIdentifier>
    </Filter>
  </ItemGroup>
  <ItemGroup>
    <ClCompile Include="sources\windows\win_main.cpp">
      <Filter>sources\windows</Filter>
    </ClCompile>
    <ClCompile Include="sources\system\win_system.cpp">
      <Filter>sources\system</Filter>
    </ClCompile>
    <ClCompile Include="sources\main.cpp">
      <Filter>sources</Filter>
    </ClCompile>
    <ClCompile Include="sources\object\object.cpp">
      <Filter>sources\object</Filter>
    </ClCompile>
    <ClCompile Include="sources\mesh\mesh.cpp">
      <Filter>sources\mesh</Filter>
    </ClCompile>
    <ClCompile Include="sources\mesh\sprite.cpp">
      <Filter>sources\mesh</Filter>
    </ClCompile>
    <ClCompile Include="sources\mesh\sprite_3d.cpp">
      <Filter>sources\mesh</Filter>
    </ClCompile>
    <ClCompile Include="sources\observer\observer.cpp">
      <Filter>sources\observer</Filter>
    </ClCompile>
    <ClCompile Include="sources\observer\observer_2d.cpp">
      <Filter>sources\observer</Filter>
    </ClCompile>
    <ClCompile Include="sources\observer\observer_3d.cpp">
      <Filter>sources\observer</Filter>
    </ClCompile>
    <ClCompile Include="sources\mesh\mesh_sprite_3d.cpp">
      <Filter>sources\mesh</Filter>
    </ClCompile>
    <ClCompile Include="sources\observer\follower_observer.cpp">
      <Filter>sources\observer</Filter>
    </ClCompile>
    <ClCompile Include="sources\action\action.cpp">
      <Filter>sources\action</Filter>
    </ClCompile>
    <ClCompile Include="sources\action\move_to.cpp">
      <Filter>sources\action</Filter>
    </ClCompile>
    <ClCompile Include="sources\action\sequence.cpp">
      <Filter>sources\action</Filter>
    </ClCompile>
    <ClCompile Include="sources\action\move_by.cpp">
      <Filter>sources\action</Filter>
    </ClCompile>
    <ClCompile Include="sources\action\callback.cpp">
      <Filter>sources\action</Filter>
    </ClCompile>
    <ClCompile Include="sources\action\fade_to.cpp">
      <Filter>sources\action</Filter>
    </ClCompile>
    <ClCompile Include="sources\action\spawn.cpp">
      <Filter>sources\action</Filter>
    </ClCompile>
    <ClCompile Include="sources\action\repeat.cpp">
      <Filter>sources\action</Filter>
    </ClCompile>
    <ClCompile Include="sources\action\delay_time.cpp">
      <Filter>sources\action</Filter>
    </ClCompile>
    <ClCompile Include="sources\action\rotate_by.cpp">
      <Filter>sources\action</Filter>
    </ClCompile>
    <ClCompile Include="sources\system\input.cpp">
      <Filter>sources\system</Filter>
    </ClCompile>
    <ClCompile Include="sources\system\keyboardinput.cpp">
      <Filter>sources\system</Filter>
    </ClCompile>
    <ClCompile Include="sources\system\mouseinput.cpp">
      <Filter>sources\system</Filter>
    </ClCompile>
    <ClCompile Include="sources\fbx\kim.cpp">
      <Filter>sources\fbx</Filter>
    </ClCompile>
    <ClCompile Include="sources\player\player.cpp">
      <Filter>sources\player</Filter>
    </ClCompile>
  </ItemGroup>
  <ItemGroup>
    <ClInclude Include="sources\main.h">
      <Filter>sources</Filter>
    </ClInclude>
    <ClInclude Include="sources\system\win_system.h">
      <Filter>sources\system</Filter>
    </ClInclude>
    <ClInclude Include="sources\object\object.h">
      <Filter>sources\object</Filter>
    </ClInclude>
    <ClInclude Include="sources\mesh\mesh.h">
      <Filter>sources\mesh</Filter>
    </ClInclude>
    <ClInclude Include="sources\mesh\sprite.h">
      <Filter>sources\mesh</Filter>
    </ClInclude>
    <ClInclude Include="sources\mesh\sprite_3d.h">
      <Filter>sources\mesh</Filter>
    </ClInclude>
    <ClInclude Include="sources\observer\observer.h">
      <Filter>sources\observer</Filter>
    </ClInclude>
    <ClInclude Include="sources\observer\observer_2d.h">
      <Filter>sources\observer</Filter>
    </ClInclude>
    <ClInclude Include="sources\observer\observer_3d.h">
      <Filter>sources\observer</Filter>
    </ClInclude>
    <ClInclude Include="sources\mesh\mesh_sprite_3d.h">
      <Filter>sources\mesh</Filter>
    </ClInclude>
    <ClInclude Include="sources\observer\follower_observer.h">
      <Filter>sources\observer</Filter>
    </ClInclude>
    <ClInclude Include="sources\action\action.h">
      <Filter>sources\action</Filter>
    </ClInclude>
    <ClInclude Include="sources\action\move_to.h">
      <Filter>sources\action</Filter>
    </ClInclude>
    <ClInclude Include="sources\action\sequence.h">
      <Filter>sources\action</Filter>
    </ClInclude>
    <ClInclude Include="sources\action\move_by.h">
      <Filter>sources\action</Filter>
    </ClInclude>
    <ClInclude Include="sources\action\callback.h">
      <Filter>sources\action</Filter>
    </ClInclude>
    <ClInclude Include="sources\action\fade_to.h">
      <Filter>sources\action</Filter>
    </ClInclude>
    <ClInclude Include="sources\action\spawn.h">
      <Filter>sources\action</Filter>
    </ClInclude>
    <ClInclude Include="sources\action\repeat.h">
      <Filter>sources\action</Filter>
    </ClInclude>
    <ClInclude Include="sources\action\delay_time.h">
      <Filter>sources\action</Filter>
    </ClInclude>
    <ClInclude Include="sources\action\rotate_by.h">
      <Filter>sources\action</Filter>
    </ClInclude>
    <ClInclude Include="sources\system\mouseinput.h">
      <Filter>sources\system</Filter>
    </ClInclude>
    <ClInclude Include="sources\system\input.h">
      <Filter>sources\system</Filter>
    </ClInclude>
    <ClInclude Include="sources\system\keyboardinput.h">
      <Filter>sources\system</Filter>
    </ClInclude>
    <ClInclude Include="sources\fbx\kim.h">
      <Filter>sources\fbx</Filter>
    </ClInclude>
    <ClInclude Include="sources\player\player.h">
      <Filter>sources\player</Filter>
    </ClInclude>
  </ItemGroup>
</Project>